
Microsoft Visual Studio Solution File, Format Version 12.00
# Visual Studio Version 17
VisualStudioVersion = 17.11.35431.28
MinimumVisualStudioVersion = 10.0.40219.1
Project("{FAE04EC0-301F-11D3-BF4B-00C04F79EFBC}") = "Ucenje", "Ucenje\Ucenje.csproj", "{5489ACF0-CE6B-47B1-BF46-DA782A92BD62}"
EndProject
Project("{FAE04EC0-301F-11D3-BF4B-00C04F79EFBC}") = "WebAPI", "WebAPI\WebAPI.csproj", "{85050B7B-66D8-424A-A2D8-77A014933221}"
EndProject
Global
	GlobalSection(SolutionConfigurationPlatforms) = preSolution
		Debug|Any CPU = Debug|Any CPU
		Release|Any CPU = Release|Any CPU
	EndGlobalSection
	GlobalSection(ProjectConfigurationPlatforms) = postSolution
		{5489ACF0-CE6B-47B1-BF46-DA782A92BD62}.Debug|Any CPU.ActiveCfg = Debug|Any CPU
		{5489ACF0-CE6B-47B1-BF46-DA782A92BD62}.Debug|Any CPU.Build.0 = Debug|Any CPU
		{5489ACF0-CE6B-47B1-BF46-DA782A92BD62}.Release|Any CPU.ActiveCfg = Release|Any CPU
		{5489ACF0-CE6B-47B1-BF46-DA782A92BD62}.Release|Any CPU.Build.0 = Release|Any CPU
		{85050B7B-66D8-424A-A2D8-77A014933221}.Debug|Any CPU.ActiveCfg = Debug|Any CPU
		{85050B7B-66D8-424A-A2D8-77A014933221}.Debug|Any CPU.Build.0 = Debug|Any CPU
		{85050B7B-66D8-424A-A2D8-77A014933221}.Release|Any CPU.ActiveCfg = Release|Any CPU
		{85050B7B-66D8-424A-A2D8-77A014933221}.Release|Any CPU.Build.0 = Release|Any CPU
	EndGlobalSection
	GlobalSection(SolutionProperties) = preSolution
		HideSolutionNode = FALSE
	EndGlobalSection
	GlobalSection(ExtensibilityGlobals) = postSolution
		SolutionGuid = {AAE6E0CC-523F-44B3-B038-81CF720326BC}
	EndGlobalSection
EndGlobal
